{
  "nodes": {
    "nixpkgs": {
      "locked": {
        "lastModified": 1688392541,
        "narHash": "sha256-lHrKvEkCPTUO+7tPfjIcb7Trk6k31rz18vkyqmkeJfY=",
        "type": "tarball",
        "url": "https://github.com/NixOS/nixpkgs/tarball/nixos-22.11"
      },
      "original": {
        "type": "tarball",
        "url": "https://github.com/NixOS/nixpkgs/tarball/nixos-22.11"
      }
    },
    "root": {
      "inputs": {
        "nixpkgs": "nixpkgs"
      }
    }
  },
  "root": "root",
  "version": 7
}
